
Microsoft Visual Studio Solution File, Format Version 12.00
# Visual Studio 15
Project("{FAE04EC0-301F-11D3-BF4B-00C04F79EFBC}") = "Objeto3D", "Objeto3D.csproj", "{076DDC70-1158-DC0A-7819-B9F030620871}"
EndProject
Project("{FAE04EC0-301F-11D3-BF4B-00C04F79EFBC}") = "Objeto3D.Editor", "Objeto3D.Editor.csproj", "{C5354144-6E97-A655-3C53-62C861CED418}"
EndProject
Global
	GlobalSection(SolutionConfigurationPlatforms) = preSolution
		Debug|Any CPU = Debug|Any CPU
		Release|Any CPU = Release|Any CPU
	EndGlobalSection
	GlobalSection(ProjectConfigurationPlatforms) = postSolution
		{076DDC70-1158-DC0A-7819-B9F030620871}.Debug|Any CPU.ActiveCfg = Debug|Any CPU
		{076DDC70-1158-DC0A-7819-B9F030620871}.Debug|Any CPU.Build.0 = Debug|Any CPU
		{076DDC70-1158-DC0A-7819-B9F030620871}.Release|Any CPU.ActiveCfg = Release|Any CPU
		{076DDC70-1158-DC0A-7819-B9F030620871}.Release|Any CPU.Build.0 = Release|Any CPU
		{C5354144-6E97-A655-3C53-62C861CED418}.Debug|Any CPU.ActiveCfg = Debug|Any CPU
		{C5354144-6E97-A655-3C53-62C861CED418}.Debug|Any CPU.Build.0 = Debug|Any CPU
		{C5354144-6E97-A655-3C53-62C861CED418}.Release|Any CPU.ActiveCfg = Release|Any CPU
		{C5354144-6E97-A655-3C53-62C861CED418}.Release|Any CPU.Build.0 = Release|Any CPU
	EndGlobalSection
	GlobalSection(SolutionProperties) = preSolution
		HideSolutionNode = FALSE
	EndGlobalSection
EndGlobal
