
Microsoft Visual Studio Solution File, Format Version 11.00
# Visual Studio 2010
Project("{FAE04EC0-301F-11D3-BF4B-00C04F79EFBC}") = "Objeto3D", "Assembly-CSharp.csproj", "{0C4B5343-0811-8D05-90E9-59C683196DEF}"
EndProject
Project("{FAE04EC0-301F-11D3-BF4B-00C04F79EFBC}") = "Objeto3D", "Assembly-CSharp-Editor.csproj", "{B229DBBB-51EA-4247-05F3-296DBFF3C0A4}"
EndProject
Global
	GlobalSection(SolutionConfigurationPlatforms) = preSolution
		Debug|Any CPU = Debug|Any CPU
		Release|Any CPU = Release|Any CPU
	EndGlobalSection
	GlobalSection(ProjectConfigurationPlatforms) = postSolution
		{0C4B5343-0811-8D05-90E9-59C683196DEF}.Debug|Any CPU.ActiveCfg = Debug|Any CPU
		{0C4B5343-0811-8D05-90E9-59C683196DEF}.Debug|Any CPU.Build.0 = Debug|Any CPU
		{0C4B5343-0811-8D05-90E9-59C683196DEF}.Release|Any CPU.ActiveCfg = Release|Any CPU
		{0C4B5343-0811-8D05-90E9-59C683196DEF}.Release|Any CPU.Build.0 = Release|Any CPU
		{B229DBBB-51EA-4247-05F3-296DBFF3C0A4}.Debug|Any CPU.ActiveCfg = Debug|Any CPU
		{B229DBBB-51EA-4247-05F3-296DBFF3C0A4}.Debug|Any CPU.Build.0 = Debug|Any CPU
		{B229DBBB-51EA-4247-05F3-296DBFF3C0A4}.Release|Any CPU.ActiveCfg = Release|Any CPU
		{B229DBBB-51EA-4247-05F3-296DBFF3C0A4}.Release|Any CPU.Build.0 = Release|Any CPU
	EndGlobalSection
	GlobalSection(SolutionProperties) = preSolution
		HideSolutionNode = FALSE
	EndGlobalSection
	GlobalSection(MonoDevelopProperties) = preSolution
		StartupItem = Assembly-CSharp.csproj
	EndGlobalSection
EndGlobal
